
Microsoft Visual Studio Solution File, Format Version 12.00
# Visual Studio Version 16
VisualStudioVersion = 16.0.30907.101
MinimumVisualStudioVersion = 10.0.40219.1
Project("{FAE04EC0-301F-11D3-BF4B-00C04F79EFBC}") = "Lesson4", "Lesson4\Lesson4.csproj", "{60267438-401C-4459-919A-2E7080430E45}"
EndProject
Global
	GlobalSection(SolutionConfigurationPlatforms) = preSolution
		Debug|Any CPU = Debug|Any CPU
		Release|Any CPU = Release|Any CPU
	EndGlobalSection
	GlobalSection(ProjectConfigurationPlatforms) = postSolution
		{60267438-401C-4459-919A-2E7080430E45}.Debug|Any CPU.ActiveCfg = Debug|Any CPU
		{60267438-401C-4459-919A-2E7080430E45}.Debug|Any CPU.Build.0 = Debug|Any CPU
		{60267438-401C-4459-919A-2E7080430E45}.Release|Any CPU.ActiveCfg = Release|Any CPU
		{60267438-401C-4459-919A-2E7080430E45}.Release|Any CPU.Build.0 = Release|Any CPU
	EndGlobalSection
	GlobalSection(SolutionProperties) = preSolution
		HideSolutionNode = FALSE
	EndGlobalSection
	GlobalSection(ExtensibilityGlobals) = postSolution
		SolutionGuid = {A4B52E34-48CC-4E6A-848F-FA50F30ADB3D}
	EndGlobalSection
EndGlobal
